
Microsoft Visual Studio Solution File, Format Version 12.00
# Visual Studio Version 16
VisualStudioVersion = 16.0.31729.503
MinimumVisualStudioVersion = 10.0.40219.1
Project("{FAE04EC0-301F-11D3-BF4B-00C04F79EFBC}") = "ryshyjtrhf", "ryshyjtrhf\ryshyjtrhf.csproj", "{DE276BF6-7A33-43EB-854E-FFF22A9819DA}"
EndProject
Global
	GlobalSection(SolutionConfigurationPlatforms) = preSolution
		Debug|Any CPU = Debug|Any CPU
		Release|Any CPU = Release|Any CPU
	EndGlobalSection
	GlobalSection(ProjectConfigurationPlatforms) = postSolution
		{DE276BF6-7A33-43EB-854E-FFF22A9819DA}.Debug|Any CPU.ActiveCfg = Debug|Any CPU
		{DE276BF6-7A33-43EB-854E-FFF22A9819DA}.Debug|Any CPU.Build.0 = Debug|Any CPU
		{DE276BF6-7A33-43EB-854E-FFF22A9819DA}.Release|Any CPU.ActiveCfg = Release|Any CPU
		{DE276BF6-7A33-43EB-854E-FFF22A9819DA}.Release|Any CPU.Build.0 = Release|Any CPU
	EndGlobalSection
	GlobalSection(SolutionProperties) = preSolution
		HideSolutionNode = FALSE
	EndGlobalSection
	GlobalSection(ExtensibilityGlobals) = postSolution
		SolutionGuid = {74C65F27-1C32-46CC-A4DF-7935F77E8E14}
	EndGlobalSection
EndGlobal
